
Microsoft Visual Studio Solution File, Format Version 12.00
# Visual Studio Version 17
VisualStudioVersion = 17.9.34622.214
MinimumVisualStudioVersion = 10.0.40219.1
Project("{FAE04EC0-301F-11D3-BF4B-00C04F79EFBC}") = "WinFormsApp7", "WinFormsApp7\WinFormsApp7.csproj", "{24B085E3-6179-40CB-A61B-4D743792A0F0}"
EndProject
Global
	GlobalSection(SolutionConfigurationPlatforms) = preSolution
		Debug|Any CPU = Debug|Any CPU
		Release|Any CPU = Release|Any CPU
	EndGlobalSection
	GlobalSection(ProjectConfigurationPlatforms) = postSolution
		{24B085E3-6179-40CB-A61B-4D743792A0F0}.Debug|Any CPU.ActiveCfg = Debug|Any CPU
		{24B085E3-6179-40CB-A61B-4D743792A0F0}.Debug|Any CPU.Build.0 = Debug|Any CPU
		{24B085E3-6179-40CB-A61B-4D743792A0F0}.Release|Any CPU.ActiveCfg = Release|Any CPU
		{24B085E3-6179-40CB-A61B-4D743792A0F0}.Release|Any CPU.Build.0 = Release|Any CPU
	EndGlobalSection
	GlobalSection(SolutionProperties) = preSolution
		HideSolutionNode = FALSE
	EndGlobalSection
	GlobalSection(ExtensibilityGlobals) = postSolution
		SolutionGuid = {E306C441-57F5-4AFB-99D9-DC5157AEFF58}
	EndGlobalSection
EndGlobal
